
Microsoft Visual Studio Solution File, Format Version 12.00
# Visual Studio Version 16
VisualStudioVersion = 16.0.30611.23
MinimumVisualStudioVersion = 10.0.40219.1
Project("{FAE04EC0-301F-11D3-BF4B-00C04F79EFBC}") = "mjezerina_zadaca_2", "mjezerina_zadaca_2\mjezerina_zadaca_2.csproj", "{DD1975D5-2955-42DA-A5BE-928EBC24D905}"
EndProject
Global
	GlobalSection(SolutionConfigurationPlatforms) = preSolution
		Debug|Any CPU = Debug|Any CPU
		Release|Any CPU = Release|Any CPU
	EndGlobalSection
	GlobalSection(ProjectConfigurationPlatforms) = postSolution
		{DD1975D5-2955-42DA-A5BE-928EBC24D905}.Debug|Any CPU.ActiveCfg = Debug|Any CPU
		{DD1975D5-2955-42DA-A5BE-928EBC24D905}.Debug|Any CPU.Build.0 = Debug|Any CPU
		{DD1975D5-2955-42DA-A5BE-928EBC24D905}.Release|Any CPU.ActiveCfg = Release|Any CPU
		{DD1975D5-2955-42DA-A5BE-928EBC24D905}.Release|Any CPU.Build.0 = Release|Any CPU
	EndGlobalSection
	GlobalSection(SolutionProperties) = preSolution
		HideSolutionNode = FALSE
	EndGlobalSection
	GlobalSection(ExtensibilityGlobals) = postSolution
		SolutionGuid = {FB089702-7DBA-46DE-BB5C-504B16C561E9}
	EndGlobalSection
EndGlobal
